
Microsoft Visual Studio Solution File, Format Version 12.00
# Visual Studio Version 17
VisualStudioVersion = 17.6.33815.320
MinimumVisualStudioVersion = 10.0.40219.1
Project("{9A19103F-16F7-4668-BE54-9A1E7A4F7556}") = "PasswordManager", "PasswordManager\PasswordManager.csproj", "{5758445F-A462-4E5C-AE6D-969888E5ADBB}"
EndProject
Project("{9A19103F-16F7-4668-BE54-9A1E7A4F7556}") = "PasswordManager.Contracts", "PasswordManager.Contracts\PasswordManager.Contracts.csproj", "{E1D972FD-6D19-4F68-9835-ECD238DB6B4C}"
EndProject
Project("{FAE04EC0-301F-11D3-BF4B-00C04F79EFBC}") = "PasswordManager.Communications", "PasswordManager.Communications\PasswordManager.Communications.csproj", "{038C2009-4D4D-40AB-A06A-21633AE841D3}"
EndProject
Project("{FAE04EC0-301F-11D3-BF4B-00C04F79EFBC}") = "PasswordManager.Utilities", "PasswordManager.Utilities\PasswordManager.Utilities.csproj", "{2AD79708-A62F-41C6-8265-6C474F7FEDC2}"
EndProject
Global
	GlobalSection(SolutionConfigurationPlatforms) = preSolution
		Debug|Any CPU = Debug|Any CPU
		Release|Any CPU = Release|Any CPU
	EndGlobalSection
	GlobalSection(ProjectConfigurationPlatforms) = postSolution
		{5758445F-A462-4E5C-AE6D-969888E5ADBB}.Debug|Any CPU.ActiveCfg = Debug|Any CPU
		{5758445F-A462-4E5C-AE6D-969888E5ADBB}.Debug|Any CPU.Build.0 = Debug|Any CPU
		{5758445F-A462-4E5C-AE6D-969888E5ADBB}.Release|Any CPU.ActiveCfg = Release|Any CPU
		{5758445F-A462-4E5C-AE6D-969888E5ADBB}.Release|Any CPU.Build.0 = Release|Any CPU
		{E1D972FD-6D19-4F68-9835-ECD238DB6B4C}.Debug|Any CPU.ActiveCfg = Debug|Any CPU
		{E1D972FD-6D19-4F68-9835-ECD238DB6B4C}.Debug|Any CPU.Build.0 = Debug|Any CPU
		{E1D972FD-6D19-4F68-9835-ECD238DB6B4C}.Release|Any CPU.ActiveCfg = Release|Any CPU
		{E1D972FD-6D19-4F68-9835-ECD238DB6B4C}.Release|Any CPU.Build.0 = Release|Any CPU
		{038C2009-4D4D-40AB-A06A-21633AE841D3}.Debug|Any CPU.ActiveCfg = Debug|Any CPU
		{038C2009-4D4D-40AB-A06A-21633AE841D3}.Debug|Any CPU.Build.0 = Debug|Any CPU
		{038C2009-4D4D-40AB-A06A-21633AE841D3}.Release|Any CPU.ActiveCfg = Release|Any CPU
		{038C2009-4D4D-40AB-A06A-21633AE841D3}.Release|Any CPU.Build.0 = Release|Any CPU
		{2AD79708-A62F-41C6-8265-6C474F7FEDC2}.Debug|Any CPU.ActiveCfg = Debug|Any CPU
		{2AD79708-A62F-41C6-8265-6C474F7FEDC2}.Debug|Any CPU.Build.0 = Debug|Any CPU
		{2AD79708-A62F-41C6-8265-6C474F7FEDC2}.Release|Any CPU.ActiveCfg = Release|Any CPU
		{2AD79708-A62F-41C6-8265-6C474F7FEDC2}.Release|Any CPU.Build.0 = Release|Any CPU
	EndGlobalSection
	GlobalSection(SolutionProperties) = preSolution
		HideSolutionNode = FALSE
	EndGlobalSection
	GlobalSection(ExtensibilityGlobals) = postSolution
		SolutionGuid = {61957B00-163E-46D7-A9FC-0F5AE5FF13BB}
	EndGlobalSection
EndGlobal
